
Microsoft Visual Studio Solution File, Format Version 12.00
# Visual Studio Version 17
VisualStudioVersion = 17.11.35431.28
MinimumVisualStudioVersion = 10.0.40219.1
Project("{FAE04EC0-301F-11D3-BF4B-00C04F79EFBC}") = "Janvier2023", "Janvier2023\Janvier2023.csproj", "{7D8A7258-B6A7-4AEF-84D5-7746B5C6C883}"
EndProject
Global
	GlobalSection(SolutionConfigurationPlatforms) = preSolution
		Debug|Any CPU = Debug|Any CPU
		Release|Any CPU = Release|Any CPU
	EndGlobalSection
	GlobalSection(ProjectConfigurationPlatforms) = postSolution
		{7D8A7258-B6A7-4AEF-84D5-7746B5C6C883}.Debug|Any CPU.ActiveCfg = Debug|Any CPU
		{7D8A7258-B6A7-4AEF-84D5-7746B5C6C883}.Debug|Any CPU.Build.0 = Debug|Any CPU
		{7D8A7258-B6A7-4AEF-84D5-7746B5C6C883}.Release|Any CPU.ActiveCfg = Release|Any CPU
		{7D8A7258-B6A7-4AEF-84D5-7746B5C6C883}.Release|Any CPU.Build.0 = Release|Any CPU
	EndGlobalSection
	GlobalSection(SolutionProperties) = preSolution
		HideSolutionNode = FALSE
	EndGlobalSection
	GlobalSection(ExtensibilityGlobals) = postSolution
		SolutionGuid = {389DCE69-0CF6-4C5A-993F-72C4AA0B8BE6}
	EndGlobalSection
EndGlobal
