
Microsoft Visual Studio Solution File, Format Version 12.00
# Visual Studio Version 17
VisualStudioVersion = 17.11.35303.130
MinimumVisualStudioVersion = 10.0.40219.1
Project("{FAE04EC0-301F-11D3-BF4B-00C04F79EFBC}") = "NET1", "NET1\NET1.csproj", "{B1C23BF0-168A-4504-924E-67D085BF37F0}"
EndProject
Global
	GlobalSection(SolutionConfigurationPlatforms) = preSolution
		Debug|Any CPU = Debug|Any CPU
		Release|Any CPU = Release|Any CPU
	EndGlobalSection
	GlobalSection(ProjectConfigurationPlatforms) = postSolution
		{B1C23BF0-168A-4504-924E-67D085BF37F0}.Debug|Any CPU.ActiveCfg = Debug|Any CPU
		{B1C23BF0-168A-4504-924E-67D085BF37F0}.Debug|Any CPU.Build.0 = Debug|Any CPU
		{B1C23BF0-168A-4504-924E-67D085BF37F0}.Release|Any CPU.ActiveCfg = Release|Any CPU
		{B1C23BF0-168A-4504-924E-67D085BF37F0}.Release|Any CPU.Build.0 = Release|Any CPU
	EndGlobalSection
	GlobalSection(SolutionProperties) = preSolution
		HideSolutionNode = FALSE
	EndGlobalSection
	GlobalSection(ExtensibilityGlobals) = postSolution
		SolutionGuid = {7CE813E6-1F87-4F9E-92B0-49C272B9D599}
	EndGlobalSection
EndGlobal
